<?xml version="1.0" encoding="utf-8"?>
<Project ToolsVersion="4.0" xmlns="http://schemas.microsoft.com/developer/msbuild/2003">
  <ItemGroup>
    <Filter Include="Source Files">
      <UniqueIdentifier>{4FC737F1-C7A5-4376-A066-2A32D752A2FF}</UniqueIdentifier>
      <Extensions>cpp;c;cc;cxx;c++;cppm;ixx;def;odl;idl;hpj;bat;asm;asmx</Extensions>
    </Filter>
    <Filter Include="Core">
      <UniqueIdentifier>{466c008f-130c-4454-a9dd-881cef0947cc}</UniqueIdentifier>
    </Filter>
    <Filter Include="ECS">
      <UniqueIdentifier>{069deb0f-94c4-4690-9e86-0327e54a3351}</UniqueIdentifier>
    </Filter>
    <Filter Include="Components">
      <UniqueIdentifier>{b65c9a53-9be4-487d-a4e4-f3b30fb74a1f}</UniqueIdentifier>
    </Filter>
    <Filter Include="Systems">
      <UniqueIdentifier>{365480aa-862e-407b-b7e5-f4b8fbfb3337}</UniqueIdentifier>
    </Filter>
  </ItemGroup>
  <ItemGroup>
    <ClCompile Include="main.cpp">
      <Filter>Source Files</Filter>
    </ClCompile>
    <ClCompile Include="game.cpp">
      <Filter>Source Files</Filter>
    </ClCompile>
    <ClCompile Include="Components\vector.cpp">
      <Filter>Source Files</Filter>
    </ClCompile>
    <ClCompile Include="ECS\Entity.cpp">
      <Filter>Source Files</Filter>
    </ClCompile>
    <ClCompile Include="ECS\EntityManager.cpp">
      <Filter>Source Files</Filter>
    </ClCompile>
    <ClCompile Include="GameEngine.cpp">
      <Filter>Source Files</Filter>
    </ClCompile>
    <ClCompile Include="Components\Scenes\MenuScene.cpp">
      <Filter>Source Files</Filter>
    </ClCompile>
    <ClCompile Include="Components\Scenes\gamePlayScene.cpp">
      <Filter>Source Files</Filter>
    </ClCompile>
  </ItemGroup>
  <ItemGroup>
    <ClInclude Include="Systems\sInput.h">
      <Filter>Systems</Filter>
    </ClInclude>
    <ClInclude Include="Systems\sRender.h">
      <Filter>Systems</Filter>
    </ClInclude>
    <ClInclude Include="ECS\EntityManager.h">
      <Filter>ECS</Filter>
    </ClInclude>
    <ClInclude Include="Core\Timer.h">
      <Filter>Core</Filter>
    </ClInclude>
    <ClInclude Include="Core\Window.h">
      <Filter>Core</Filter>
    </ClInclude>
    <ClInclude Include="game.h">
      <Filter>Source Files</Filter>
    </ClInclude>
    <ClInclude Include="Components\cVelocity.h" />
    <ClInclude Include="Components\cScore.h" />
    <ClInclude Include="Components\cCollision.h" />
    <ClInclude Include="Components\vector.h" />
    <ClInclude Include="Components\cTransform.h" />
    <ClInclude Include="Components\cInput.h" />
    <ClInclude Include="ECS\Entity.h" />
    <ClInclude Include="Components\cShape.h" />
    <ClInclude Include="Components\cLifeSpan.h" />
    <ClInclude Include="GameEngine.h" />
    <ClInclude Include="AbstractScene.h" />
    <ClInclude Include="Components\TexturesSpriteAnimation\cSprite.h" />
    <ClInclude Include="Components\TexturesSpriteAnimation\cAnimation.h" />
    <ClInclude Include="Components\Scenes\MenuScene.h" />
    <ClInclude Include="Components\Action.h" />
    <ClInclude Include="Components\cTextOutput.h" />
    <ClInclude Include="Components\cLinkedScene.h" />
    <ClInclude Include="Components\Scenes\gamePlayScene.h" />
    <ClInclude Include="event.h" />
    <ClInclude Include="eventBus.h" />
    <ClInclude Include="Components\cHealth.h" />
    <ClInclude Include="Components\TexturesSpriteAnimation\AssetManager.h" />
  </ItemGroup>
  <ItemGroup>
    <Text Include="config.txt" />
    <Text Include="Components\Scenes\menuSceneConfiguration.txt" />
  </ItemGroup>
  <ItemGroup>
    <None Include="..\..\..\..\SDL3_image-devel-3.2.4-VC\SDL3_image-3.2.4\lib\x64\SDL3_image.dll" />
  </ItemGroup>
</Project>